{
  "name": "test1",
  "version": "1.0.0",
  "lockfileVersion": 1,
  "requires": true,
  "dependencies": {
    "@openzeppelin/contracts": {
      "version": "4.3.1",
      "resolved": "https://registry.nlark.com/@openzeppelin/contracts/download/@openzeppelin/contracts-4.3.1.tgz",
      "integrity": "sha1-wB95HObJ05iawaZDJnUB2+M2ueM="
    },
    "bignumber.js": {
      "version": "9.0.1",
      "resolved": "https://registry.npm.taobao.org/bignumber.js/download/bignumber.js-9.0.1.tgz",
      "integrity": "sha1-jXuhJMiCv9jkMmDGdHVRjQaJ5OU="
    }
  }
}
